Microsoft Visual Studio Solution File, Format Version 12.00
# Visual Studio Version 17
VisualStudioVersion = 17.12.35707.178
MinimumVisualStudioVersion = 10.0.40219.1
Project("{FAE04EC0-301F-11D3-BF4B-00C04F79EFBC}") = "Regulator.Sdk", "RegulatorSdk\Regulator.Sdk.csproj", "{B2D037E5-DC5C-4986-AADB-7FFC3E3454F8}"
EndProject
Project("{FAE04EC0-301F-11D3-BF4B-00C04F79EFBC}") = "TheRegulator", "TheRegulator\TheRegulator.csproj", "{ABA3024F-7525-4A23-8E76-7D41C87B096C}"
EndProject
Project("{FAE04EC0-301F-11D3-BF4B-00C04F79EFBC}") = "Syncfusion.Edit", "Edit\Syncfusion.Edit.csproj", "{40667E14-9A77-4C4D-9733-CCA453A0DA26}"
EndProject
Project("{2150E333-8FDC-42A3-9474-1A3956D46DE8}") = "Solution Items", "Solution Items", "{E31980C8-C381-4BEC-BDDB-BFFBBA12B45B}"
	ProjectSection(SolutionItems) = preProject
		TheRegulator\Regulator.exe.config = TheRegulator\Regulator.exe.config
		Docs\Regulator2Help.chm = Docs\Regulator2Help.chm
	EndProjectSection
EndProject
Project("{FAE04EC0-301F-11D3-BF4B-00C04F79EFBC}") = "TheRegulator.Next", "TheRegulator.Next\TheRegulator.Next.csproj", "{9058B868-5D1A-47FF-922F-7A18685C30E9}"
EndProject
Project("{FAE04EC0-301F-11D3-BF4B-00C04F79EFBC}") = "TheRegulator.Next.Browser", "TheRegulator.Next.Browser\TheRegulator.Next.Browser.csproj", "{BFADDFDC-EA5D-49EC-BFD7-F30F3E65783E}"
EndProject
Project("{FAE04EC0-301F-11D3-BF4B-00C04F79EFBC}") = "TheRegulator.Next.Desktop", "TheRegulator.Next.Desktop\TheRegulator.Next.Desktop.csproj", "{AD4C426C-509B-422E-A841-C3B14C03EF28}"
EndProject
Global
	GlobalSection(SolutionConfigurationPlatforms) = preSolution
		Debug|Any CPU = Debug|Any CPU
		Debug-XML|Any CPU = Debug-XML|Any CPU
		Release|Any CPU = Release|Any CPU
		Release-XML|Any CPU = Release-XML|Any CPU
	EndGlobalSection
	GlobalSection(ProjectConfigurationPlatforms) = postSolution
		{B2D037E5-DC5C-4986-AADB-7FFC3E3454F8}.Debug|Any CPU.ActiveCfg = Debug|Any CPU
		{B2D037E5-DC5C-4986-AADB-7FFC3E3454F8}.Debug|Any CPU.Build.0 = Debug|Any CPU
		{B2D037E5-DC5C-4986-AADB-7FFC3E3454F8}.Debug-XML|Any CPU.ActiveCfg = Debug|Any CPU
		{B2D037E5-DC5C-4986-AADB-7FFC3E3454F8}.Debug-XML|Any CPU.Build.0 = Debug|Any CPU
		{B2D037E5-DC5C-4986-AADB-7FFC3E3454F8}.Release|Any CPU.ActiveCfg = Release|Any CPU
		{B2D037E5-DC5C-4986-AADB-7FFC3E3454F8}.Release|Any CPU.Build.0 = Release|Any CPU
		{B2D037E5-DC5C-4986-AADB-7FFC3E3454F8}.Release-XML|Any CPU.ActiveCfg = Release|Any CPU
		{B2D037E5-DC5C-4986-AADB-7FFC3E3454F8}.Release-XML|Any CPU.Build.0 = Release|Any CPU
		{ABA3024F-7525-4A23-8E76-7D41C87B096C}.Debug|Any CPU.ActiveCfg = Debug|Any CPU
		{ABA3024F-7525-4A23-8E76-7D41C87B096C}.Debug|Any CPU.Build.0 = Debug|Any CPU
		{ABA3024F-7525-4A23-8E76-7D41C87B096C}.Debug-XML|Any CPU.ActiveCfg = Debug|Any CPU
		{ABA3024F-7525-4A23-8E76-7D41C87B096C}.Debug-XML|Any CPU.Build.0 = Debug|Any CPU
		{ABA3024F-7525-4A23-8E76-7D41C87B096C}.Release|Any CPU.ActiveCfg = Release|Any CPU
		{ABA3024F-7525-4A23-8E76-7D41C87B096C}.Release|Any CPU.Build.0 = Release|Any CPU
		{ABA3024F-7525-4A23-8E76-7D41C87B096C}.Release-XML|Any CPU.ActiveCfg = Release|Any CPU
		{ABA3024F-7525-4A23-8E76-7D41C87B096C}.Release-XML|Any CPU.Build.0 = Release|Any CPU
		{40667E14-9A77-4C4D-9733-CCA453A0DA26}.Debug|Any CPU.ActiveCfg = Debug|Any CPU
		{40667E14-9A77-4C4D-9733-CCA453A0DA26}.Debug|Any CPU.Build.0 = Debug|Any CPU
		{40667E14-9A77-4C4D-9733-CCA453A0DA26}.Debug-XML|Any CPU.ActiveCfg = Debug-XML|Any CPU
		{40667E14-9A77-4C4D-9733-CCA453A0DA26}.Debug-XML|Any CPU.Build.0 = Debug-XML|Any CPU
		{40667E14-9A77-4C4D-9733-CCA453A0DA26}.Release|Any CPU.ActiveCfg = Release|Any CPU
		{40667E14-9A77-4C4D-9733-CCA453A0DA26}.Release|Any CPU.Build.0 = Release|Any CPU
		{40667E14-9A77-4C4D-9733-CCA453A0DA26}.Release-XML|Any CPU.ActiveCfg = Release-XML|Any CPU
		{40667E14-9A77-4C4D-9733-CCA453A0DA26}.Release-XML|Any CPU.Build.0 = Release-XML|Any CPU
		{9058B868-5D1A-47FF-922F-7A18685C30E9}.Debug|Any CPU.ActiveCfg = Debug|Any CPU
		{9058B868-5D1A-47FF-922F-7A18685C30E9}.Debug|Any CPU.Build.0 = Debug|Any CPU
		{9058B868-5D1A-47FF-922F-7A18685C30E9}.Debug-XML|Any CPU.ActiveCfg = Debug|Any CPU
		{9058B868-5D1A-47FF-922F-7A18685C30E9}.Debug-XML|Any CPU.Build.0 = Debug|Any CPU
		{9058B868-5D1A-47FF-922F-7A18685C30E9}.Release|Any CPU.ActiveCfg = Release|Any CPU
		{9058B868-5D1A-47FF-922F-7A18685C30E9}.Release|Any CPU.Build.0 = Release|Any CPU
		{9058B868-5D1A-47FF-922F-7A18685C30E9}.Release-XML|Any CPU.ActiveCfg = Release|Any CPU
		{9058B868-5D1A-47FF-922F-7A18685C30E9}.Release-XML|Any CPU.Build.0 = Release|Any CPU
		{BFADDFDC-EA5D-49EC-BFD7-F30F3E65783E}.Debug|Any CPU.ActiveCfg = Debug|Any CPU
		{BFADDFDC-EA5D-49EC-BFD7-F30F3E65783E}.Debug|Any CPU.Build.0 = Debug|Any CPU
		{BFADDFDC-EA5D-49EC-BFD7-F30F3E65783E}.Debug-XML|Any CPU.ActiveCfg = Debug|Any CPU
		{BFADDFDC-EA5D-49EC-BFD7-F30F3E65783E}.Debug-XML|Any CPU.Build.0 = Debug|Any CPU
		{BFADDFDC-EA5D-49EC-BFD7-F30F3E65783E}.Release|Any CPU.ActiveCfg = Release|Any CPU
		{BFADDFDC-EA5D-49EC-BFD7-F30F3E65783E}.Release|Any CPU.Build.0 = Release|Any CPU
		{BFADDFDC-EA5D-49EC-BFD7-F30F3E65783E}.Release-XML|Any CPU.ActiveCfg = Release|Any CPU
		{BFADDFDC-EA5D-49EC-BFD7-F30F3E65783E}.Release-XML|Any CPU.Build.0 = Release|Any CPU
		{AD4C426C-509B-422E-A841-C3B14C03EF28}.Debug|Any CPU.ActiveCfg = Debug|Any CPU
		{AD4C426C-509B-422E-A841-C3B14C03EF28}.Debug|Any CPU.Build.0 = Debug|Any CPU
		{AD4C426C-509B-422E-A841-C3B14C03EF28}.Debug-XML|Any CPU.ActiveCfg = Debug|Any CPU
		{AD4C426C-509B-422E-A841-C3B14C03EF28}.Debug-XML|Any CPU.Build.0 = Debug|Any CPU
		{AD4C426C-509B-422E-A841-C3B14C03EF28}.Release|Any CPU.ActiveCfg = Release|Any CPU
		{AD4C426C-509B-422E-A841-C3B14C03EF28}.Release|Any CPU.Build.0 = Release|Any CPU
		{AD4C426C-509B-422E-A841-C3B14C03EF28}.Release-XML|Any CPU.ActiveCfg = Release|Any CPU
		{AD4C426C-509B-422E-A841-C3B14C03EF28}.Release-XML|Any CPU.Build.0 = Release|Any CPU
	EndGlobalSection
	GlobalSection(SolutionProperties) = preSolution
		HideSolutionNode = FALSE
	EndGlobalSection
EndGlobal
